
Microsoft Visual Studio Solution File, Format Version 12.00
# Visual Studio Version 17
VisualStudioVersion = 17.11.35327.3
MinimumVisualStudioVersion = 10.0.40219.1
Project("{9A19103F-16F7-4668-BE54-9A1E7A4F7556}") = "SistemaDeTarefas", "SistemaDeTarefas\SistemaDeTarefas.csproj", "{11FC5B63-7B89-4926-A825-6BD53D19E1DB}"
EndProject
Global
	GlobalSection(SolutionConfigurationPlatforms) = preSolution
		Debug|Any CPU = Debug|Any CPU
		Release|Any CPU = Release|Any CPU
	EndGlobalSection
	GlobalSection(ProjectConfigurationPlatforms) = postSolution
		{11FC5B63-7B89-4926-A825-6BD53D19E1DB}.Debug|Any CPU.ActiveCfg = Debug|Any CPU
		{11FC5B63-7B89-4926-A825-6BD53D19E1DB}.Debug|Any CPU.Build.0 = Debug|Any CPU
		{11FC5B63-7B89-4926-A825-6BD53D19E1DB}.Release|Any CPU.ActiveCfg = Release|Any CPU
		{11FC5B63-7B89-4926-A825-6BD53D19E1DB}.Release|Any CPU.Build.0 = Release|Any CPU
	EndGlobalSection
	GlobalSection(SolutionProperties) = preSolution
		HideSolutionNode = FALSE
	EndGlobalSection
	GlobalSection(ExtensibilityGlobals) = postSolution
		SolutionGuid = {97C64950-D72C-4102-A765-4F805D6BC629}
	EndGlobalSection
EndGlobal
